
Microsoft Visual Studio Solution File, Format Version 12.00
# Visual Studio Version 17
VisualStudioVersion = 17.14.36603.0 d17.14
MinimumVisualStudioVersion = 10.0.40219.1
Project("{FAE04EC0-301F-11D3-BF4B-00C04F79EFBC}") = "SporSalonuYonetimSistemi", "SporSalonuYonetimSistemi\SporSalonuYonetimSistemi.csproj", "{09370D3E-2640-4F75-9AE6-45D08358B566}"
EndProject
Global
	GlobalSection(SolutionConfigurationPlatforms) = preSolution
		Debug|Any CPU = Debug|Any CPU
		Release|Any CPU = Release|Any CPU
	EndGlobalSection
	GlobalSection(ProjectConfigurationPlatforms) = postSolution
		{09370D3E-2640-4F75-9AE6-45D08358B566}.Debug|Any CPU.ActiveCfg = Debug|Any CPU
		{09370D3E-2640-4F75-9AE6-45D08358B566}.Debug|Any CPU.Build.0 = Debug|Any CPU
		{09370D3E-2640-4F75-9AE6-45D08358B566}.Release|Any CPU.ActiveCfg = Release|Any CPU
		{09370D3E-2640-4F75-9AE6-45D08358B566}.Release|Any CPU.Build.0 = Release|Any CPU
	EndGlobalSection
	GlobalSection(SolutionProperties) = preSolution
		HideSolutionNode = FALSE
	EndGlobalSection
	GlobalSection(ExtensibilityGlobals) = postSolution
		SolutionGuid = {794A04F1-E7EE-4B02-ADFF-174F6A3A8998}
	EndGlobalSection
EndGlobal
